{
  "name": "yos-weixin",
  "version": "0.1.0-alpha.3",
  "lockfileVersion": 3,
  "requires": true,
  "packages": {
    "": {
      "name": "yos-weixin",
      "version": "0.1.0-alpha.3",
      "license": "MIT",
      "dependencies": {
        "qrcode-terminal": "0.12.0"
      },
      "bin": {
        "yos-weixin": "scripts/login.ts"
      },
      "engines": {
        "node": ">=24.18.0 <25.0.0"
      }
    },
    "node_modules/qrcode-terminal": {
      "version": "0.12.0",
      "resolved": "https://registry.npmjs.org/qrcode-terminal/-/qrcode-terminal-0.12.0.tgz",
      "integrity": "sha512-EXtzRZmC+YGmGlDFbXKxQiMZNwCLEO6BANKXG4iCtSIM0yqc/pappSx3RIKr4r0uh5JsBckOXeKrB3Iz7mdQpQ==",
      "bin": {
        "qrcode-terminal": "bin/qrcode-terminal.js"
      }
    }
  }
}
